// !$*UTF8*$!
{
	archiveVersion = 1;
	classes = {
	};
	objectVersion = 46;
	objects = {

/* Begin PBXBuildFile section */
		18CA81251C36629300919C0D /* main.m in Sources */ = {isa = PBXBuildFile; fileRef = 18CA81241C36629300919C0D /* main.m */; };
		18CA81281C36629300919C0D /* AppDelegate.m in Sources */ = {isa = PBXBuildFile; fileRef = 18CA81271C36629300919C0D /* AppDelegate.m */; };
		18CA812B1C36629300919C0D /* ViewController.m in Sources */ = {isa = PBXBuildFile; fileRef = 18CA812A1C36629300919C0D /* ViewController.m */; };
		18CA812E1C36629300919C0D /* Main.storyboard in Resources */ = {isa = PBXBuildFile; fileRef = 18CA812C1C36629300919C0D /* Main.storyboard */; };
		18CA81301C36629300919C0D /* Assets.xcassets in Resources */ = {isa = PBXBuildFile; fileRef = 18CA812F1C36629300919C0D /* Assets.xcassets */; };
		18CA81331C36629300919C0D /* LaunchScreen.storyboard in Resources */ = {isa = PBXBuildFile; fileRef = 18CA81311C36629300919C0D /* LaunchScreen.storyboard */; };
		18CA813D1C3662C300919C0D /* PopView.m in Sources */ = {isa = PBXBuildFile; fileRef = 18CA813C1C3662C300919C0D /* PopView.m */; };
/* End PBXBuildFile section */

/* Begin PBXFileReference section */
		18CA81201C36629300919C0D /* PopView.app */ = {isa = PBXFileReference; explicitFileType = wrapper.application; includeInIndex = 0; path = PopView.app; sourceTree = BUILT_PRODUCTS_DIR; };
		18CA81241C36629300919C0D /* main.m */ = {isa = PBXFileReference; lastKnownFileType = sourcecode.c.objc; path = main.m; sourceTree = "<group>"; };
		18CA81261C36629300919C0D /* AppDelegate.h */ = {isa = PBXFileReference; lastKnownFileType = sourcecode.c.h; path = AppDelegate.h; sourceTree = "<group>"; };
		18CA81271C36629300919C0D /* AppDelegate.m */ = {isa = PBXFileReference; lastKnownFileType = sourcecode.c.objc; path = AppDelegate.m; sourceTree = "<group>"; };
		18CA81291C36629300919C0D /* ViewController.h */ = {isa = PBXFileReference; lastKnownFileType = sourcecode.c.h; path = ViewController.h; sourceTree = "<group>"; };
		18CA812A1C36629300919C0D /* ViewController.m */ = {isa = PBXFileReference; lastKnownFileType = sourcecode.c.objc; path = ViewController.m; sourceTree = "<group>"; };
		18CA812D1C36629300919C0D /* Base */ = {isa = PBXFileReference; lastKnownFileType = file.storyboard; name = Base; path = Base.lproj/Main.storyboard; sourceTree = "<group>"; };
		18CA812F1C36629300919C0D /* Assets.xcassets */ = {isa = PBXFileReference; lastKnownFileType = folder.assetcatalog; path = Assets.xcassets; sourceTree = "<group>"; };
		18CA81321C36629300919C0D /* Base */ = {isa = PBXFileReference; lastKnownFileType = file.storyboard; name = Base; path = Base.lproj/LaunchScreen.storyboard; sourceTree = "<group>"; };
		18CA81341C36629300919C0D /* Info.plist */ = {isa = PBXFileReference; lastKnownFileType = text.plist.xml; path = Info.plist; sourceTree = "<group>"; };
		18CA813B1C3662C300919C0D /* PopView.h */ = {isa = PBXFileReference; fileEncoding = 4; lastKnownFileType = sourcecode.c.h; path = PopView.h; sourceTree = "<group>"; };
		18CA813C1C3662C300919C0D /* PopView.m */ = {isa = PBXFileReference; fileEncoding = 4; lastKnownFileType = sourcecode.c.objc; path = PopView.m; sourceTree = "<group>"; };
/* End PBXFileReference section */

/* Begin PBXFrameworksBuildPhase section */
		18CA811D1C36629300919C0D /* Frameworks */ = {
			isa = PBXFrameworksBuildPhase;
			buildActionMask = 2147483647;
			files = (
			);
			runOnlyForDeploymentPostprocessing = 0;
		};
/* End PBXFrameworksBuildPhase section */

/* Begin PBXGroup section */
		18CA81171C36629300919C0D = {
			isa = PBXGroup;
			children = (
				18CA81221C36629300919C0D /* PopView */,
				18CA81211C36629300919C0D /* Products */,
			);
			sourceTree = "<group>";
		};
		18CA81211C36629300919C0D /* Products */ = {
			isa = PBXGroup;
			children = (
				18CA81201C36629300919C0D /* PopView.app */,
			);
			name = Products;
			sourceTree = "<group>";
		};
		18CA81221C36629300919C0D /* PopView */ = {
			isa = PBXGroup;
			children = (
				18CA813A1C3662B200919C0D /* view */,
				18CA81261C36629300919C0D /* AppDelegate.h */,
				18CA81271C36629300919C0D /* AppDelegate.m */,
				18CA81291C36629300919C0D /* ViewController.h */,
				18CA812A1C36629300919C0D /* ViewController.m */,
				18CA812C1C36629300919C0D /* Main.storyboard */,
				18CA812F1C36629300919C0D /* Assets.xcassets */,
				18CA81311C36629300919C0D /* LaunchScreen.storyboard */,
				18CA81341C36629300919C0D /* Info.plist */,
				18CA81231C36629300919C0D /* Supporting Files */,
			);
			path = PopView;
			sourceTree = "<group>";
		};
		18CA81231C36629300919C0D /* Supporting Files */ = {
			isa = PBXGroup;
			children = (
				18CA81241C36629300919C0D /* main.m */,
			);
			name = "Supporting Files";
			sourceTree = "<group>";
		};
		18CA813A1C3662B200919C0D /* view */ = {
			isa = PBXGroup;
			children = (
				18CA813B1C3662C300919C0D /* PopView.h */,
				18CA813C1C3662C300919C0D /* PopView.m */,
			);
			name = view;
			sourceTree = "<group>";
		};
/* End PBXGroup section */

/* Begin PBXNativeTarget section */
		18CA811F1C36629300919C0D /* PopView */ = {
			isa = PBXNativeTarget;
			buildConfigurationList = 18CA81371C36629300919C0D /* Build configuration list for PBXNativeTarget "PopView" */;
			buildPhases = (
				18CA811C1C36629300919C0D /* Sources */,
				18CA811D1C36629300919C0D /* Frameworks */,
				18CA811E1C36629300919C0D /* Resources */,
			);
			buildRules = (
			);
			dependencies = (
			);
			name = PopView;
			productName = PopView;
			productReference = 18CA81201C36629300919C0D /* PopView.app */;
			productType = "com.apple.product-type.application";
		};
/* End PBXNativeTarget section */

/* Begin PBXProject section */
		18CA81181C36629300919C0D /* Project object */ = {
			isa = PBXProject;
			attributes = {
				LastUpgradeCheck = 0720;
				ORGANIZATIONNAME = wangxiaofa;
				TargetAttributes = {
					18CA811F1C36629300919C0D = {
						CreatedOnToolsVersion = 7.2;
						DevelopmentTeam = 8P2DS22MA9;
					};
				};
			};
			buildConfigurationList = 18CA811B1C36629300919C0D /* Build configuration list for PBXProject "PopView" */;
			compatibilityVersion = "Xcode 3.2";
			developmentRegion = English;
			hasScannedForEncodings = 0;
			knownRegions = (
				en,
				Base,
			);
			mainGroup = 18CA81171C36629300919C0D;
			productRefGroup = 18CA81211C36629300919C0D /* Products */;
			projectDirPath = "";
			projectRoot = "";
			targets = (
				18CA811F1C36629300919C0D /* PopView */,
			);
		};
/* End PBXProject section */

/* Begin PBXResourcesBuildPhase section */
		18CA811E1C36629300919C0D /* Resources */ = {
			isa = PBXResourcesBuildPhase;
			buildActionMask = 2147483647;
			files = (
				18CA81331C36629300919C0D /* LaunchScreen.storyboard in Resources */,
				18CA81301C36629300919C0D /* Assets.xcassets in Resources */,
				18CA812E1C36629300919C0D /* Main.storyboard in Resources */,
			);
			runOnlyForDeploymentPostprocessing = 0;
		};
/* End PBXResourcesBuildPhase section */

/* Begin PBXSourcesBuildPhase section */
		18CA811C1C36629300919C0D /* Sources */ = {
			isa = PBXSourcesBuildPhase;
			buildActionMask = 2147483647;
			files = (
				18CA812B1C36629300919C0D /* ViewController.m in Sources */,
				18CA81281C36629300919C0D /* AppDelegate.m in Sources */,
				18CA813D1C3662C300919C0D /* PopView.m in Sources */,
				18CA81251C36629300919C0D /* main.m in Sources */,
			);
			runOnlyForDeploymentPostprocessing = 0;
		};
/* End PBXSourcesBuildPhase section */

/* Begin PBXVariantGroup section */
		18CA812C1C36629300919C0D /* Main.storyboard */ = {
			isa = PBXVariantGroup;
			children = (
				18CA812D1C36629300919C0D /* Base */,
			);
			name = Main.storyboard;
			sourceTree = "<group>";
		};
		18CA81311C36629300919C0D /* LaunchScreen.storyboard */ = {
			isa = PBXVariantGroup;
			children = (
				18CA81321C36629300919C0D /* Base */,
			);
			name = LaunchScreen.storyboard;
			sourceTree = "<group>";
		};
/* End PBXVariantGroup section */

/* Begin XCBuildConfiguration section */
		18CA81351C36629300919C0D /* Debug */ = {
			isa = XCBuildConfiguration;
			buildSettings = {
				ALWAYS_SEARCH_USER_PATHS = NO;
				CLANG_CXX_LANGUAGE_STANDARD = "gnu++0x";
				CLANG_CXX_LIBRARY = "libc++";
				CLANG_ENABLE_MODULES = YES;
				CLANG_ENABLE_OBJC_ARC = YES;
				CLANG_WARN_BOOL_CONVERSION = YES;
				CLANG_WARN_CONSTANT_CONVERSION = YES;
				CLANG_WARN_DIRECT_OBJC_ISA_USAGE = YES_ERROR;
				CLANG_WARN_EMPTY_BODY = YES;
				CLANG_WARN_ENUM_CONVERSION = YES;
				CLANG_WARN_INT_CONVERSION = YES;
				CLANG_WARN_OBJC_ROOT_CLASS = YES_ERROR;
				CLANG_WARN_UNREACHABLE_CODE = YES;
				CLANG_WARN__DUPLICATE_METHOD_MATCH = YES;
				"CODE_SIGN_IDENTITY[sdk=iphoneos*]" = "iPhone Developer";
				COPY_PHASE_STRIP = NO;
				DEBUG_INFORMATION_FORMAT = dwarf;
				ENABLE_STRICT_OBJC_MSGSEND = YES;
				ENABLE_TESTABILITY = YES;
				GCC_C_LANGUAGE_STANDARD = gnu99;
				GCC_DYNAMIC_NO_PIC = NO;
				GCC_NO_COMMON_BLOCKS = YES;
				GCC_OPTIMIZATION_LEVEL = 0;
				GCC_PREPROCESSOR_DEFINITIONS = (
					"DEBUG=1",
					"$(inherited)",
				);
				GCC_WARN_64_TO_32_BIT_CONVERSION = YES;
				GCC_WARN_ABOUT_RETURN_TYPE = YES_ERROR;
				GCC_WARN_UNDECLARED_SELECTOR = YES;
				GCC_WARN_UNINITIALIZED_AUTOS = YES_AGGRESSIVE;
				GCC_WARN_UNUSED_FUNCTION = YES;
				GCC_WARN_UNUSED_VARIABLE = YES;
				IPHONEOS_DEPLOYMENT_TARGET = 9.2;
				MTL_ENABLE_DEBUG_INFO = YES;
				ONLY_ACTIVE_ARCH = YES;
				SDKROOT = iphoneos;
			};
			name = Debug;
		};
		18CA81361C36629300919C0D /* Release */ = {
			isa = XCBuildConfiguration;
			buildSettings = {
				ALWAYS_SEARCH_USER_PATHS = NO;
				CLANG_CXX_LANGUAGE_STANDARD = "gnu++0x";
				CLANG_CXX_LIBRARY = "libc++";
				CLANG_ENABLE_MODULES = YES;
				CLANG_ENABLE_OBJC_ARC = YES;
				CLANG_WARN_BOOL_CONVERSION = YES;
				CLANG_WARN_CONSTANT_CONVERSION = YES;
				CLANG_WARN_DIRECT_OBJC_ISA_USAGE = YES_ERROR;
				CLANG_WARN_EMPTY_BODY = YES;
				CLANG_WARN_ENUM_CONVERSION = YES;
				CLANG_WARN_INT_CONVERSION = YES;
				CLANG_WARN_OBJC_ROOT_CLASS = YES_ERROR;
				CLANG_WARN_UNREACHABLE_CODE = YES;
				CLANG_WARN__DUPLICATE_METHOD_MATCH = YES;
				"CODE_SIGN_IDENTITY[sdk=iphoneos*]" = "iPhone Developer";
				COPY_PHASE_STRIP = NO;
				DEBUG_INFORMATION_FORMAT = "dwarf-with-dsym";
				ENABLE_NS_ASSERTIONS = NO;
				ENABLE_STRICT_OBJC_MSGSEND = YES;
				GCC_C_LANGUAGE_STANDARD = gnu99;
				GCC_NO_COMMON_BLOCKS = YES;
				GCC_WARN_64_TO_32_BIT_CONVERSION = YES;
				GCC_WARN_ABOUT_RETURN_TYPE = YES_ERROR;
				GCC_WARN_UNDECLARED_SELECTOR = YES;
				GCC_WARN_UNINITIALIZED_AUTOS = YES_AGGRESSIVE;
				GCC_WARN_UNUSED_FUNCTION = YES;
				GCC_WARN_UNUSED_VARIABLE = YES;
				IPHONEOS_DEPLOYMENT_TARGET = 9.2;
				MTL_ENABLE_DEBUG_INFO = NO;
				SDKROOT = iphoneos;
				VALIDATE_PRODUCT = YES;
			};
			name = Release;
		};
		18CA81381C36629300919C0D /* Debug */ = {
			isa = XCBuildConfiguration;
			buildSettings = {
				ASSETCATALOG_COMPILER_APPICON_NAME = AppIcon;
				DEVELOPMENT_TEAM = 8P2DS22MA9;
				INFOPLIST_FILE = PopView/Info.plist;
				IPHONEOS_DEPLOYMENT_TARGET = 8.4;
				LD_RUNPATH_SEARCH_PATHS = "$(inherited) @executable_path/Frameworks";
				PRODUCT_BUNDLE_IDENTIFIER = "com.wangxiaofa.c--Library.PopView";
				PRODUCT_NAME = "$(TARGET_NAME)";
			};
			name = Debug;
		};
		18CA81391C36629300919C0D /* Release */ = {
			isa = XCBuildConfiguration;
			buildSettings = {
				ASSETCATALOG_COMPILER_APPICON_NAME = AppIcon;
				DEVELOPMENT_TEAM = 8P2DS22MA9;
				INFOPLIST_FILE = PopView/Info.plist;
				IPHONEOS_DEPLOYMENT_TARGET = 8.4;
				LD_RUNPATH_SEARCH_PATHS = "$(inherited) @executable_path/Frameworks";
				PRODUCT_BUNDLE_IDENTIFIER = "com.wangxiaofa.c--Library.PopView";
				PRODUCT_NAME = "$(TARGET_NAME)";
			};
			name = Release;
		};
/* End XCBuildConfiguration section */

/* Begin XCConfigurationList section */
		18CA811B1C36629300919C0D /* Build configuration list for PBXProject "PopView" */ = {
			isa = XCConfigurationList;
			buildConfigurations = (
				18CA81351C36629300919C0D /* Debug */,
				18CA81361C36629300919C0D /* Release */,
			);
			defaultConfigurationIsVisible = 0;
			defaultConfigurationName = Release;
		};
		18CA81371C36629300919C0D /* Build configuration list for PBXNativeTarget "PopView" */ = {
			isa = XCConfigurationList;
			buildConfigurations = (
				18CA81381C36629300919C0D /* Debug */,
				18CA81391C36629300919C0D /* Release */,
			);
			defaultConfigurationIsVisible = 0;
			defaultConfigurationName = Release;
		};
/* End XCConfigurationList section */
	};
	rootObject = 18CA81181C36629300919C0D /* Project object */;
}
